PODS:
  - boost-for-react-native (1.63.0)
  - DoubleConversion (1.1.5)
  - Folly (2018.10.22.00):
    - boost-for-react-native
    - DoubleConversion
    - glog
  - glog (0.3.4)
  - lottie-ios (2.5.3)
  - lottie-react-native (2.6.0):
    - lottie-ios
    - React
  - React (0.59.9):
    - React/Core (= 0.59.9)
  - react-native-camera (1.10.1):
    - React
    - react-native-camera/RCT (= 1.10.1)
    - react-native-camera/RN (= 1.10.1)
  - react-native-camera/RCT (1.10.1):
    - React
  - react-native-camera/RN (1.10.1):
    - React
  - React/Core (0.59.9):
    - yoga (= 0.59.9.React)
  - React/CxxBridge (0.59.9):
    - Folly (= 2018.10.22.00)
    - React/Core
    - React/cxxreact
    - React/jsiexecutor
  - React/cxxreact (0.59.9):
    - boost-for-react-native (= 1.63.0)
    - DoubleConversion
    - Folly (= 2018.10.22.00)
    - glog
    - React/jsinspector
  - React/DevSupport (0.59.9):
    - React/Core
    - React/RCTWebSocket
  - React/fishhook (0.59.9)
  - React/jsi (0.59.9):
    - DoubleConversion
    - Folly (= 2018.10.22.00)
    - glog
  - React/jsiexecutor (0.59.9):
    - DoubleConversion
    - Folly (= 2018.10.22.00)
    - glog
    - React/cxxreact
    - React/jsi
  - React/jsinspector (0.59.9)
  - React/RCTBlob (0.59.9):
    - React/Core
  - React/RCTCameraRoll (0.59.9):
    - React/Core
    - React/RCTImage
  - React/RCTImage (0.59.9):
    - React/Core
    - React/RCTNetwork
  - React/RCTNetwork (0.59.9):
    - React/Core
  - React/RCTWebSocket (0.59.9):
    - React/Core
    - React/fishhook
    - React/RCTBlob
  - RNCAsyncStorage (1.4.0):
    - React
  - RNKeychain (3.0.0):
    - React
  - RNReanimated (1.0.0-alpha.12):
    - React
  - RNSVG (9.4.0):
    - React
  - RNVectorIcons (6.2.0):
    - React
  - yoga (0.59.9.React)

DEPENDENCIES:
  - Folly (from `../node_modules/react-native/third-party-podspecs/Folly.podspec`)
  - lottie-ios (from `../node_modules/lottie-ios`)
  - lottie-react-native (from `../node_modules/lottie-react-native`)
  - react-native-camera (from `../node_modules/react-native-camera`)
  - React/Core (from `../node_modules/react-native`)
  - React/CxxBridge (from `../node_modules/react-native`)
  - React/cxxreact (from `../node_modules/react-native`)
  - React/DevSupport (from `../node_modules/react-native`)
  - React/RCTCameraRoll (from `../node_modules/react-native`)
  - React/RCTWebSocket (from `../node_modules/react-native`)
  - "RNCAsyncStorage (from `../node_modules/@react-native-community/async-storage`)"
  - RNKeychain (from `../node_modules/react-native-keychain`)
  - RNReanimated (from `../node_modules/react-native-reanimated`)
  - RNSVG (from `../node_modules/react-native-svg`)
  - RNVectorIcons (from `../node_modules/react-native-vector-icons`)
  - yoga (from `../node_modules/react-native/ReactCommon/yoga`)

SPEC REPOS:
  https://github.com/cocoapods/specs.git:
    - boost-for-react-native
    - DoubleConversion
    - glog

EXTERNAL SOURCES:
  Folly:
    :podspec: "../node_modules/react-native/third-party-podspecs/Folly.podspec"
  lottie-ios:
    :path: "../node_modules/lottie-ios"
  lottie-react-native:
    :path: "../node_modules/lottie-react-native"
  React:
    :path: "../node_modules/react-native"
  react-native-camera:
    :path: "../node_modules/react-native-camera"
  RNCAsyncStorage:
    :path: "../node_modules/@react-native-community/async-storage"
  RNKeychain:
    :path: "../node_modules/react-native-keychain"
  RNReanimated:
    :path: "../node_modules/react-native-reanimated"
  RNSVG:
    :path: "../node_modules/react-native-svg"
  RNVectorIcons:
    :path: "../node_modules/react-native-vector-icons"
  yoga:
    :path: "../node_modules/react-native/ReactCommon/yoga"

SPEC CHECKSUMS:
  boost-for-react-native: 39c7adb57c4e60d6c5479dd8623128eb5b3f0f2c
  DoubleConversion: e22e0762848812a87afd67ffda3998d9ef29170c
  Folly: de497beb10f102453a1afa9edbf8cf8a251890de
  glog: 1de0bb937dccdc981596d3b5825ebfb765017ded
  lottie-ios: a50d5c0160425cd4b01b852bb9578963e6d92d31
  lottie-react-native: 05b6e2dd502d7a91ff128036c4f0984363e5eb4a
  React: a86b92f00edbe1873a63e4a212c29b7a7ad5224f
  react-native-camera: 4987a0eec20dcf25dc0a61f8f8505c43379dd9ae
  RNCAsyncStorage: b82dc6e5b39a625d70e3b3492bff75c0de94ba71
  RNKeychain: c2e80f306e4d57e296133051d1e448b5289b3024
  RNReanimated: b7adc1a5e4eca563966cfcbd982429ebd70d6b17
  RNSVG: 9cb6e958c4b6a1f58185ac72a350b148947d6fed
  RNVectorIcons: b6b131d2fdc2e240f7aba41296df869141443793
  yoga: 03ff42a6f223fb88deeaed60249020d80c3091ee

PODFILE CHECKSUM: 6d6f3c8debd1a31d0b8b065ee61341049871dc4f

COCOAPODS: 1.7.5
